
Microsoft Visual Studio Solution File, Format Version 12.00
# Visual Studio Version 17
VisualStudioVersion = 17.8.34408.163
MinimumVisualStudioVersion = 10.0.40219.1
Project("{9A19103F-16F7-4668-BE54-9A1E7A4F7556}") = "WinFormsSchool", "WinFormsSchool\WinFormsSchool.csproj", "{B1805688-EADC-432F-A295-1445FFD53D57}"
EndProject
Project("{9A19103F-16F7-4668-BE54-9A1E7A4F7556}") = "AppCode", "Persistent\AppCode.csproj", "{B7783DB9-5C46-405E-B4E1-41C11A3C1B2A}"
EndProject
Project("{2150E333-8FDC-42A3-9474-1A3956D46DE8}") = "Solution Items", "Solution Items", "{DB80B409-23E8-423E-A9EC-239CB150C7CD}"
EndProject
Global
	GlobalSection(SolutionConfigurationPlatforms) = preSolution
		Debug|Any CPU = Debug|Any CPU
		Release|Any CPU = Release|Any CPU
	EndGlobalSection
	GlobalSection(ProjectConfigurationPlatforms) = postSolution
		{B1805688-EADC-432F-A295-1445FFD53D57}.Debug|Any CPU.ActiveCfg = Debug|Any CPU
		{B1805688-EADC-432F-A295-1445FFD53D57}.Debug|Any CPU.Build.0 = Debug|Any CPU
		{B1805688-EADC-432F-A295-1445FFD53D57}.Release|Any CPU.ActiveCfg = Release|Any CPU
		{B1805688-EADC-432F-A295-1445FFD53D57}.Release|Any CPU.Build.0 = Release|Any CPU
		{B7783DB9-5C46-405E-B4E1-41C11A3C1B2A}.Debug|Any CPU.ActiveCfg = Debug|Any CPU
		{B7783DB9-5C46-405E-B4E1-41C11A3C1B2A}.Debug|Any CPU.Build.0 = Debug|Any CPU
		{B7783DB9-5C46-405E-B4E1-41C11A3C1B2A}.Release|Any CPU.ActiveCfg = Release|Any CPU
		{B7783DB9-5C46-405E-B4E1-41C11A3C1B2A}.Release|Any CPU.Build.0 = Release|Any CPU
	EndGlobalSection
	GlobalSection(SolutionProperties) = preSolution
		HideSolutionNode = FALSE
	EndGlobalSection
	GlobalSection(ExtensibilityGlobals) = postSolution
		SolutionGuid = {F80467C6-2FB2-4D63-B714-0B5930EB9B56}
	EndGlobalSection
EndGlobal
